
Microsoft Visual Studio Solution File, Format Version 12.00
# Visual Studio Version 17
VisualStudioVersion = 17.4.33213.308
MinimumVisualStudioVersion = 10.0.40219.1
Project("{9A19103F-16F7-4668-BE54-9A1E7A4F7556}") = "PruebasEnConsola", "PruebasEnConsola\PruebasEnConsola.csproj", "{3C95CCD5-0056-4909-B2D0-B8EBB2502456}"
EndProject
Project("{9A19103F-16F7-4668-BE54-9A1E7A4F7556}") = "KioscoConsola", "KioscoConsola\KioscoConsola.csproj", "{623F9FAF-FFC4-4944-BB09-48845F769CCB}"
EndProject
Project("{9A19103F-16F7-4668-BE54-9A1E7A4F7556}") = "ProyectoSplit", "ProyectoSplit\ProyectoSplit.csproj", "{925273CC-B15E-43AD-841C-9D0A5521711C}"
EndProject
Project("{FAE04EC0-301F-11D3-BF4B-00C04F79EFBC}") = "KioscoWindowsForm", "KioscoWindowsForm\KioscoWindowsForm.csproj", "{17AEDC0E-C4AB-495F-9C1D-FFE92EF061B4}"
EndProject
Global
	GlobalSection(SolutionConfigurationPlatforms) = preSolution
		Debug|Any CPU = Debug|Any CPU
		Release|Any CPU = Release|Any CPU
	EndGlobalSection
	GlobalSection(ProjectConfigurationPlatforms) = postSolution
		{3C95CCD5-0056-4909-B2D0-B8EBB2502456}.Debug|Any CPU.ActiveCfg = Debug|Any CPU
		{3C95CCD5-0056-4909-B2D0-B8EBB2502456}.Debug|Any CPU.Build.0 = Debug|Any CPU
		{3C95CCD5-0056-4909-B2D0-B8EBB2502456}.Release|Any CPU.ActiveCfg = Release|Any CPU
		{3C95CCD5-0056-4909-B2D0-B8EBB2502456}.Release|Any CPU.Build.0 = Release|Any CPU
		{623F9FAF-FFC4-4944-BB09-48845F769CCB}.Debug|Any CPU.ActiveCfg = Debug|Any CPU
		{623F9FAF-FFC4-4944-BB09-48845F769CCB}.Debug|Any CPU.Build.0 = Debug|Any CPU
		{623F9FAF-FFC4-4944-BB09-48845F769CCB}.Release|Any CPU.ActiveCfg = Release|Any CPU
		{623F9FAF-FFC4-4944-BB09-48845F769CCB}.Release|Any CPU.Build.0 = Release|Any CPU
		{925273CC-B15E-43AD-841C-9D0A5521711C}.Debug|Any CPU.ActiveCfg = Debug|Any CPU
		{925273CC-B15E-43AD-841C-9D0A5521711C}.Debug|Any CPU.Build.0 = Debug|Any CPU
		{925273CC-B15E-43AD-841C-9D0A5521711C}.Release|Any CPU.ActiveCfg = Release|Any CPU
		{925273CC-B15E-43AD-841C-9D0A5521711C}.Release|Any CPU.Build.0 = Release|Any CPU
		{17AEDC0E-C4AB-495F-9C1D-FFE92EF061B4}.Debug|Any CPU.ActiveCfg = Debug|Any CPU
		{17AEDC0E-C4AB-495F-9C1D-FFE92EF061B4}.Debug|Any CPU.Build.0 = Debug|Any CPU
		{17AEDC0E-C4AB-495F-9C1D-FFE92EF061B4}.Release|Any CPU.ActiveCfg = Release|Any CPU
		{17AEDC0E-C4AB-495F-9C1D-FFE92EF061B4}.Release|Any CPU.Build.0 = Release|Any CPU
	EndGlobalSection
	GlobalSection(SolutionProperties) = preSolution
		HideSolutionNode = FALSE
	EndGlobalSection
	GlobalSection(ExtensibilityGlobals) = postSolution
		SolutionGuid = {A09C7876-B857-406E-874B-30552F8D00CB}
	EndGlobalSection
EndGlobal
